Microsoft Visual Studio Solution File, Format Version 12.00
# Visual Studio Version 17
VisualStudioVersion = 17.5.2.0
MinimumVisualStudioVersion = 10.0.40219.1
Project("{FAE04EC0-301F-11D3-BF4B-00C04F79EFBC}") = "day2Employe", "day2Employe.csproj", "{9C661655-F9FB-37DF-8DB7-7AC738AC6585}"
EndProject
Global
	GlobalSection(SolutionConfigurationPlatforms) = preSolution
		Debug|Any CPU = Debug|Any CPU
		Release|Any CPU = Release|Any CPU
	EndGlobalSection
	GlobalSection(ProjectConfigurationPlatforms) = postSolution
		{9C661655-F9FB-37DF-8DB7-7AC738AC6585}.Debug|Any CPU.ActiveCfg = Debug|Any CPU
		{9C661655-F9FB-37DF-8DB7-7AC738AC6585}.Debug|Any CPU.Build.0 = Debug|Any CPU
		{9C661655-F9FB-37DF-8DB7-7AC738AC6585}.Release|Any CPU.ActiveCfg = Release|Any CPU
		{9C661655-F9FB-37DF-8DB7-7AC738AC6585}.Release|Any CPU.Build.0 = Release|Any CPU
	EndGlobalSection
	GlobalSection(SolutionProperties) = preSolution
		HideSolutionNode = FALSE
	EndGlobalSection
	GlobalSection(ExtensibilityGlobals) = postSolution
		SolutionGuid = {5634D68F-5E39-429B-9053-E11073407979}
	EndGlobalSection
EndGlobal
