
Microsoft Visual Studio Solution File, Format Version 12.00
# Visual Studio Version 17
VisualStudioVersion = 17.0.31903.59
MinimumVisualStudioVersion = 10.0.40219.1
Project("{FAE04EC0-301F-11D3-BF4B-00C04F79EFBC}") = "Portal", "Portal\Portal.csproj", "{4779BF0B-373F-4DA4-A858-7E7110FD19E8}"
EndProject
Project("{FAE04EC0-301F-11D3-BF4B-00C04F79EFBC}") = "softwareasservice", "softwareasservice\softwareasservice.csproj", "{3E10B42E-6E8D-4133-BAE1-7EC45A1C1B17}"
EndProject
Global
	GlobalSection(SolutionConfigurationPlatforms) = preSolution
		Debug|Any CPU = Debug|Any CPU
		Release|Any CPU = Release|Any CPU
	EndGlobalSection
	GlobalSection(SolutionProperties) = preSolution
		HideSolutionNode = FALSE
	EndGlobalSection
	GlobalSection(ProjectConfigurationPlatforms) = postSolution
		{4779BF0B-373F-4DA4-A858-7E7110FD19E8}.Debug|Any CPU.ActiveCfg = Debug|Any CPU
		{4779BF0B-373F-4DA4-A858-7E7110FD19E8}.Debug|Any CPU.Build.0 = Debug|Any CPU
		{4779BF0B-373F-4DA4-A858-7E7110FD19E8}.Release|Any CPU.ActiveCfg = Release|Any CPU
		{4779BF0B-373F-4DA4-A858-7E7110FD19E8}.Release|Any CPU.Build.0 = Release|Any CPU
		{3E10B42E-6E8D-4133-BAE1-7EC45A1C1B17}.Debug|Any CPU.ActiveCfg = Debug|Any CPU
		{3E10B42E-6E8D-4133-BAE1-7EC45A1C1B17}.Debug|Any CPU.Build.0 = Debug|Any CPU
		{3E10B42E-6E8D-4133-BAE1-7EC45A1C1B17}.Release|Any CPU.ActiveCfg = Release|Any CPU
		{3E10B42E-6E8D-4133-BAE1-7EC45A1C1B17}.Release|Any CPU.Build.0 = Release|Any CPU
	EndGlobalSection
EndGlobal
